// !$*UTF8*$!
{
	archiveVersion = 1;
	classes = {
	};
	objectVersion = 55;
	objects = {

/* Begin PBXBuildFile section */
		68A01DD02861E08700EB7852 /* AppDelegate.swift in Sources */ = {isa = PBXBuildFile; fileRef = 68A01DCF2861E08700EB7852 /* AppDelegate.swift */; };
		68A01DD22861E08700EB7852 /* SceneDelegate.swift in Sources */ = {isa = PBXBuildFile; fileRef = 68A01DD12861E08700EB7852 /* SceneDelegate.swift */; };
		68A01DD42861E08700EB7852 /* ViewController.swift in Sources */ = {isa = PBXBuildFile; fileRef = 68A01DD32861E08700EB7852 /* ViewController.swift */; };
		68A01DD92861E08700EB7852 /* Assets.xcassets in Resources */ = {isa = PBXBuildFile; fileRef = 68A01DD82861E08700EB7852 /* Assets.xcassets */; };
		68A01DDC2861E08700EB7852 /* LaunchScreen.storyboard in Resources */ = {isa = PBXBuildFile; fileRef = 68A01DDA2861E08700EB7852 /* LaunchScreen.storyboard */; };
		68A01DE72861E08700EB7852 /* UnityPluginNativeTests.swift in Sources */ = {isa = PBXBuildFile; fileRef = 68A01DE62861E08700EB7852 /* UnityPluginNativeTests.swift */; };
		68A01DF12861E08700EB7852 /* UnityPluginNativeUITests.swift in Sources */ = {isa = PBXBuildFile; fileRef = 68A01DF02861E08700EB7852 /* UnityPluginNativeUITests.swift */; };
		68A01DF32861E08700EB7852 /* UnityPluginNativeUITestsLaunchTests.swift in Sources */ = {isa = PBXBuildFile; fileRef = 68A01DF22861E08700EB7852 /* UnityPluginNativeUITestsLaunchTests.swift */; };
		68B7C6D8286F040F0048C3F1 /* UnityFramework.framework in Frameworks */ = {isa = PBXBuildFile; fileRef = 68B7C6D7286F040F0048C3F1 /* UnityFramework.framework */; };
		68B7C6D9286F040F0048C3F1 /* UnityFramework.framework in Embed Frameworks */ = {isa = PBXBuildFile; fileRef = 68B7C6D7286F040F0048C3F1 /* UnityFramework.framework */; settings = {ATTRIBUTES = (CodeSignOnCopy, RemoveHeadersOnCopy, ); }; };
		68E2F31C287D7BB0002CA4C2 /* UnityEmbeddedSwift.swift in Sources */ = {isa = PBXBuildFile; fileRef = 68E2F31B287D7BB0002CA4C2 /* UnityEmbeddedSwift.swift */; };
		68E2F31E287D7BE8002CA4C2 /* TabBarController.swift in Sources */ = {isa = PBXBuildFile; fileRef = 68E2F31D287D7BE8002CA4C2 /* TabBarController.swift */; };
		68E2F320287D7EF7002CA4C2 /* UnityViewController.swift in Sources */ = {isa = PBXBuildFile; fileRef = 68E2F31F287D7EF7002CA4C2 /* UnityViewController.swift */; };
		68E2F337287D844C002CA4C2 /* UnityiOSPlugin.framework in Frameworks */ = {isa = PBXBuildFile; fileRef = 68E2F335287D8444002CA4C2 /* UnityiOSPlugin.framework */; };
		68E2F338287D844C002CA4C2 /* UnityiOSPlugin.framework in Embed Frameworks */ = {isa = PBXBuildFile; fileRef = 68E2F335287D8444002CA4C2 /* UnityiOSPlugin.framework */; settings = {ATTRIBUTES = (CodeSignOnCopy, RemoveHeadersOnCopy, ); }; };
/* End PBXBuildFile section */

/* Begin PBXContainerItemProxy section */
		68A01DE32861E08700EB7852 /* PBXContainerItemProxy */ = {
			isa = PBXContainerItemProxy;
			containerPortal = 68A01DC42861E08700EB7852 /* Project object */;
			proxyType = 1;
			remoteGlobalIDString = 68A01DCB2861E08700EB7852;
			remoteInfo = UnityPluginNative;
		};
		68A01DED2861E08700EB7852 /* PBXContainerItemProxy */ = {
			isa = PBXContainerItemProxy;
			containerPortal = 68A01DC42861E08700EB7852 /* Project object */;
			proxyType = 1;
			remoteGlobalIDString = 68A01DCB2861E08700EB7852;
			remoteInfo = UnityPluginNative;
		};
/* End PBXContainerItemProxy section */

/* Begin PBXCopyFilesBuildPhase section */
		68A01E162861E21000EB7852 /* Embed Frameworks */ = {
			isa = PBXCopyFilesBuildPhase;
			buildActionMask = 2147483647;
			dstPath = "";
			dstSubfolderSpec = 10;
			files = (
				68B7C6D9286F040F0048C3F1 /* UnityFramework.framework in Embed Frameworks */,
				68E2F338287D844C002CA4C2 /* UnityiOSPlugin.framework in Embed Frameworks */,
			);
			name = "Embed Frameworks";
			runOnlyForDeploymentPostprocessing = 0;
		};
/* End PBXCopyFilesBuildPhase section */

/* Begin PBXFileReference section */
		680DF59B288804300061B6E5 /* UnityPluginNativeTests.xctest */ = {isa = PBXFileReference; explicitFileType = wrapper.cfbundle; includeInIndex = 0; name = UnityPluginNativeTests.xctest; path = "/Users/500beckwon/SwiftWork/UnityPluginNative/build/Debug-iphoneos/UnityPluginNativeTests.xctest"; sourceTree = "<absolute>"; };
		680DF59C288804300061B6E5 /* UnityPluginNativeUITests.xctest */ = {isa = PBXFileReference; explicitFileType = wrapper.cfbundle; includeInIndex = 0; name = UnityPluginNativeUITests.xctest; path = "/Users/500beckwon/SwiftWork/UnityPluginNative/build/Debug-iphoneos/UnityPluginNativeUITests.xctest"; sourceTree = "<absolute>"; };
		68A01DCF2861E08700EB7852 /* AppDelegate.swift */ = {isa = PBXFileReference; lastKnownFileType = sourcecode.swift; path = AppDelegate.swift; sourceTree = "<group>"; };
		68A01DD12861E08700EB7852 /* SceneDelegate.swift */ = {isa = PBXFileReference; lastKnownFileType = sourcecode.swift; path = SceneDelegate.swift; sourceTree = "<group>"; };
		68A01DD32861E08700EB7852 /* ViewController.swift */ = {isa = PBXFileReference; lastKnownFileType = sourcecode.swift; path = ViewController.swift; sourceTree = "<group>"; };
		68A01DD82861E08700EB7852 /* Assets.xcassets */ = {isa = PBXFileReference; lastKnownFileType = folder.assetcatalog; path = Assets.xcassets; sourceTree = "<group>"; };
		68A01DDB2861E08700EB7852 /* Base */ = {isa = PBXFileReference; lastKnownFileType = file.storyboard; name = Base; path = Base.lproj/LaunchScreen.storyboard; sourceTree = "<group>"; };
		68A01DDD2861E08700EB7852 /* Info.plist */ = {isa = PBXFileReference; lastKnownFileType = text.plist.xml; path = Info.plist; sourceTree = "<group>"; };
		68A01DE62861E08700EB7852 /* UnityPluginNativeTests.swift */ = {isa = PBXFileReference; lastKnownFileType = sourcecode.swift; path = UnityPluginNativeTests.swift; sourceTree = "<group>"; };
		68A01DF02861E08700EB7852 /* UnityPluginNativeUITests.swift */ = {isa = PBXFileReference; lastKnownFileType = sourcecode.swift; path = UnityPluginNativeUITests.swift; sourceTree = "<group>"; };
		68A01DF22861E08700EB7852 /* UnityPluginNativeUITestsLaunchTests.swift */ = {isa = PBXFileReference; lastKnownFileType = sourcecode.swift; path = UnityPluginNativeUITestsLaunchTests.swift; sourceTree = "<group>"; };
		68B7C6D3286F03EB0048C3F1 /* UnityPluginNative.app */ = {isa = PBXFileReference; explicitFileType = wrapper.application; includeInIndex = 0; path = UnityPluginNative.app; sourceTree = BUILT_PRODUCTS_DIR; };
		68B7C6D7286F040F0048C3F1 /* UnityFramework.framework */ = {isa = PBXFileReference; explicitFileType = wrapper.framework; path = UnityFramework.framework; sourceTree = BUILT_PRODUCTS_DIR; };
		68E2F31B287D7BB0002CA4C2 /* UnityEmbeddedSwift.swift */ = {isa = PBXFileReference; lastKnownFileType = sourcecode.swift; path = UnityEmbeddedSwift.swift; sourceTree = "<group>"; };
		68E2F31D287D7BE8002CA4C2 /* TabBarController.swift */ = {isa = PBXFileReference; lastKnownFileType = sourcecode.swift; path = TabBarController.swift; sourceTree = "<group>"; };
		68E2F31F287D7EF7002CA4C2 /* UnityViewController.swift */ = {isa = PBXFileReference; lastKnownFileType = sourcecode.swift; path = UnityViewController.swift; sourceTree = "<group>"; };
		68E2F335287D8444002CA4C2 /* UnityiOSPlugin.framework */ = {isa = PBXFileReference; lastKnownFileType = wrapper.framework; path = UnityiOSPlugin.framework; sourceTree = "<group>"; };
/* End PBXFileReference section */

/* Begin PBXFrameworksBuildPhase section */
		68A01DC92861E08700EB7852 /* Frameworks */ = {
			isa = PBXFrameworksBuildPhase;
			buildActionMask = 2147483647;
			files = (
				68B7C6D8286F040F0048C3F1 /* UnityFramework.framework in Frameworks */,
				68E2F337287D844C002CA4C2 /* UnityiOSPlugin.framework in Frameworks */,
			);
			runOnlyForDeploymentPostprocessing = 0;
		};
		68A01DDF2861E08700EB7852 /* Frameworks */ = {
			isa = PBXFrameworksBuildPhase;
			buildActionMask = 2147483647;
			files = (
			);
			runOnlyForDeploymentPostprocessing = 0;
		};
		68A01DE92861E08700EB7852 /* Frameworks */ = {
			isa = PBXFrameworksBuildPhase;
			buildActionMask = 2147483647;
			files = (
			);
			runOnlyForDeploymentPostprocessing = 0;
		};
/* End PBXFrameworksBuildPhase section */

/* Begin PBXGroup section */
		68A01DC32861E08700EB7852 = {
			isa = PBXGroup;
			children = (
				68A01DCE2861E08700EB7852 /* UnityPluginNative */,
				68A01DE52861E08700EB7852 /* UnityPluginNativeTests */,
				68A01DEF2861E08700EB7852 /* UnityPluginNativeUITests */,
				68A01DFF2861E0EC00EB7852 /* Frameworks */,
				68B7C6D3286F03EB0048C3F1 /* UnityPluginNative.app */,
			);
			sourceTree = "<group>";
		};
		68A01DCE2861E08700EB7852 /* UnityPluginNative */ = {
			isa = PBXGroup;
			children = (
				68A01DCF2861E08700EB7852 /* AppDelegate.swift */,
				68A01DD12861E08700EB7852 /* SceneDelegate.swift */,
				68E2F31D287D7BE8002CA4C2 /* TabBarController.swift */,
				68A01DD32861E08700EB7852 /* ViewController.swift */,
				68E2F31F287D7EF7002CA4C2 /* UnityViewController.swift */,
				68E2F31B287D7BB0002CA4C2 /* UnityEmbeddedSwift.swift */,
				68A01DD82861E08700EB7852 /* Assets.xcassets */,
				68A01DDA2861E08700EB7852 /* LaunchScreen.storyboard */,
				68A01DDD2861E08700EB7852 /* Info.plist */,
			);
			path = UnityPluginNative;
			sourceTree = "<group>";
		};
		68A01DE52861E08700EB7852 /* UnityPluginNativeTests */ = {
			isa = PBXGroup;
			children = (
				68A01DE62861E08700EB7852 /* UnityPluginNativeTests.swift */,
			);
			path = UnityPluginNativeTests;
			sourceTree = "<group>";
		};
		68A01DEF2861E08700EB7852 /* UnityPluginNativeUITests */ = {
			isa = PBXGroup;
			children = (
				68A01DF02861E08700EB7852 /* UnityPluginNativeUITests.swift */,
				68A01DF22861E08700EB7852 /* UnityPluginNativeUITestsLaunchTests.swift */,
			);
			path = UnityPluginNativeUITests;
			sourceTree = "<group>";
		};
		68A01DFF2861E0EC00EB7852 /* Frameworks */ = {
			isa = PBXGroup;
			children = (
				68B7C6D7286F040F0048C3F1 /* UnityFramework.framework */,
				68E2F335287D8444002CA4C2 /* UnityiOSPlugin.framework */,
			);
			name = Frameworks;
			sourceTree = "<group>";
		};
/* End PBXGroup section */

/* Begin PBXNativeTarget section */
		68A01DCB2861E08700EB7852 /* UnityPluginNative */ = {
			isa = PBXNativeTarget;
			buildConfigurationList = 68A01DF62861E08700EB7852 /* Build configuration list for PBXNativeTarget "UnityPluginNative" */;
			buildPhases = (
				68A01DC82861E08700EB7852 /* Sources */,
				68A01DC92861E08700EB7852 /* Frameworks */,
				68A01DCA2861E08700EB7852 /* Resources */,
				68A01E162861E21000EB7852 /* Embed Frameworks */,
			);
			buildRules = (
			);
			dependencies = (
			);
			name = UnityPluginNative;
			productName = UnityPluginNative;
			productReference = 68B7C6D3286F03EB0048C3F1 /* UnityPluginNative.app */;
			productType = "com.apple.product-type.application";
		};
		68A01DE12861E08700EB7852 /* UnityPluginNativeTests */ = {
			isa = PBXNativeTarget;
			buildConfigurationList = 68A01DF92861E08700EB7852 /* Build configuration list for PBXNativeTarget "UnityPluginNativeTests" */;
			buildPhases = (
				68A01DDE2861E08700EB7852 /* Sources */,
				68A01DDF2861E08700EB7852 /* Frameworks */,
				68A01DE02861E08700EB7852 /* Resources */,
			);
			buildRules = (
			);
			dependencies = (
				68A01DE42861E08700EB7852 /* PBXTargetDependency */,
			);
			name = UnityPluginNativeTests;
			productName = UnityPluginNativeTests;
			productReference = 680DF59B288804300061B6E5 /* UnityPluginNativeTests.xctest */;
			productType = "com.apple.product-type.bundle.unit-test";
		};
		68A01DEB2861E08700EB7852 /* UnityPluginNativeUITests */ = {
			isa = PBXNativeTarget;
			buildConfigurationList = 68A01DFC2861E08700EB7852 /* Build configuration list for PBXNativeTarget "UnityPluginNativeUITests" */;
			buildPhases = (
				68A01DE82861E08700EB7852 /* Sources */,
				68A01DE92861E08700EB7852 /* Frameworks */,
				68A01DEA2861E08700EB7852 /* Resources */,
			);
			buildRules = (
			);
			dependencies = (
				68A01DEE2861E08700EB7852 /* PBXTargetDependency */,
			);
			name = UnityPluginNativeUITests;
			productName = UnityPluginNativeUITests;
			productReference = 680DF59C288804300061B6E5 /* UnityPluginNativeUITests.xctest */;
			productType = "com.apple.product-type.bundle.ui-testing";
		};
/* End PBXNativeTarget section */

/* Begin PBXProject section */
		68A01DC42861E08700EB7852 /* Project object */ = {
			isa = PBXProject;
			attributes = {
				BuildIndependentTargetsInParallel = 1;
				LastSwiftUpdateCheck = 1330;
				LastUpgradeCheck = 1330;
				TargetAttributes = {
					68A01DCB2861E08700EB7852 = {
						CreatedOnToolsVersion = 13.3.1;
					};
					68A01DE12861E08700EB7852 = {
						CreatedOnToolsVersion = 13.3.1;
						TestTargetID = 68A01DCB2861E08700EB7852;
					};
					68A01DEB2861E08700EB7852 = {
						CreatedOnToolsVersion = 13.3.1;
						TestTargetID = 68A01DCB2861E08700EB7852;
					};
				};
			};
			buildConfigurationList = 68A01DC72861E08700EB7852 /* Build configuration list for PBXProject "UnityPluginNative" */;
			compatibilityVersion = "Xcode 13.0";
			developmentRegion = en;
			hasScannedForEncodings = 0;
			knownRegions = (
				en,
				Base,
			);
			mainGroup = 68A01DC32861E08700EB7852;
			productRefGroup = 68A01DC32861E08700EB7852;
			projectDirPath = "";
			projectRoot = "";
			targets = (
				68A01DCB2861E08700EB7852 /* UnityPluginNative */,
				68A01DE12861E08700EB7852 /* UnityPluginNativeTests */,
				68A01DEB2861E08700EB7852 /* UnityPluginNativeUITests */,
			);
		};
/* End PBXProject section */

/* Begin PBXResourcesBuildPhase section */
		68A01DCA2861E08700EB7852 /* Resources */ = {
			isa = PBXResourcesBuildPhase;
			buildActionMask = 2147483647;
			files = (
				68A01DDC2861E08700EB7852 /* LaunchScreen.storyboard in Resources */,
				68A01DD92861E08700EB7852 /* Assets.xcassets in Resources */,
			);
			runOnlyForDeploymentPostprocessing = 0;
		};
		68A01DE02861E08700EB7852 /* Resources */ = {
			isa = PBXResourcesBuildPhase;
			buildActionMask = 2147483647;
			files = (
			);
			runOnlyForDeploymentPostprocessing = 0;
		};
		68A01DEA2861E08700EB7852 /* Resources */ = {
			isa = PBXResourcesBuildPhase;
			buildActionMask = 2147483647;
			files = (
			);
			runOnlyForDeploymentPostprocessing = 0;
		};
/* End PBXResourcesBuildPhase section */

/* Begin PBXSourcesBuildPhase section */
		68A01DC82861E08700EB7852 /* Sources */ = {
			isa = PBXSourcesBuildPhase;
			buildActionMask = 2147483647;
			files = (
				68A01DD42861E08700EB7852 /* ViewController.swift in Sources */,
				68A01DD02861E08700EB7852 /* AppDelegate.swift in Sources */,
				68A01DD22861E08700EB7852 /* SceneDelegate.swift in Sources */,
				68E2F31E287D7BE8002CA4C2 /* TabBarController.swift in Sources */,
				68E2F320287D7EF7002CA4C2 /* UnityViewController.swift in Sources */,
				68E2F31C287D7BB0002CA4C2 /* UnityEmbeddedSwift.swift in Sources */,
			);
			runOnlyForDeploymentPostprocessing = 0;
		};
		68A01DDE2861E08700EB7852 /* Sources */ = {
			isa = PBXSourcesBuildPhase;
			buildActionMask = 2147483647;
			files = (
				68A01DE72861E08700EB7852 /* UnityPluginNativeTests.swift in Sources */,
			);
			runOnlyForDeploymentPostprocessing = 0;
		};
		68A01DE82861E08700EB7852 /* Sources */ = {
			isa = PBXSourcesBuildPhase;
			buildActionMask = 2147483647;
			files = (
				68A01DF32861E08700EB7852 /* UnityPluginNativeUITestsLaunchTests.swift in Sources */,
				68A01DF12861E08700EB7852 /* UnityPluginNativeUITests.swift in Sources */,
			);
			runOnlyForDeploymentPostprocessing = 0;
		};
/* End PBXSourcesBuildPhase section */

/* Begin PBXTargetDependency section */
		68A01DE42861E08700EB7852 /* PBXTargetDependency */ = {
			isa = PBXTargetDependency;
			target = 68A01DCB2861E08700EB7852 /* UnityPluginNative */;
			targetProxy = 68A01DE32861E08700EB7852 /* PBXContainerItemProxy */;
		};
		68A01DEE2861E08700EB7852 /* PBXTargetDependency */ = {
			isa = PBXTargetDependency;
			target = 68A01DCB2861E08700EB7852 /* UnityPluginNative */;
			targetProxy = 68A01DED2861E08700EB7852 /* PBXContainerItemProxy */;
		};
/* End PBXTargetDependency section */

/* Begin PBXVariantGroup section */
		68A01DDA2861E08700EB7852 /* LaunchScreen.storyboard */ = {
			isa = PBXVariantGroup;
			children = (
				68A01DDB2861E08700EB7852 /* Base */,
			);
			name = LaunchScreen.storyboard;
			sourceTree = "<group>";
		};
/* End PBXVariantGroup section */

/* Begin XCBuildConfiguration section */
		68A01DF42861E08700EB7852 /* Debug */ = {
			isa = XCBuildConfiguration;
			buildSettings = {
				ALWAYS_SEARCH_USER_PATHS = NO;
				CLANG_ANALYZER_NONNULL = YES;
				CLANG_ANALYZER_NUMBER_OBJECT_CONVERSION = YES_AGGRESSIVE;
				CLANG_CXX_LANGUAGE_STANDARD = "gnu++17";
				CLANG_ENABLE_MODULES = YES;
				CLANG_ENABLE_OBJC_ARC = YES;
				CLANG_ENABLE_OBJC_WEAK = YES;
				CLANG_WARN_BLOCK_CAPTURE_AUTORELEASING = YES;
				CLANG_WARN_BOOL_CONVERSION = YES;
				CLANG_WARN_COMMA = YES;
				CLANG_WARN_CONSTANT_CONVERSION = YES;
				CLANG_WARN_DEPRECATED_OBJC_IMPLEMENTATIONS = YES;
				CLANG_WARN_DIRECT_OBJC_ISA_USAGE = YES_ERROR;
				CLANG_WARN_DOCUMENTATION_COMMENTS = YES;
				CLANG_WARN_EMPTY_BODY = YES;
				CLANG_WARN_ENUM_CONVERSION = YES;
				CLANG_WARN_INFINITE_RECURSION = YES;
				CLANG_WARN_INT_CONVERSION = YES;
				CLANG_WARN_NON_LITERAL_NULL_CONVERSION = YES;
				CLANG_WARN_OBJC_IMPLICIT_RETAIN_SELF = YES;
				CLANG_WARN_OBJC_LITERAL_CONVERSION = YES;
				CLANG_WARN_OBJC_ROOT_CLASS = YES_ERROR;
				CLANG_WARN_QUOTED_INCLUDE_IN_FRAMEWORK_HEADER = YES;
				CLANG_WARN_RANGE_LOOP_ANALYSIS = YES;
				CLANG_WARN_STRICT_PROTOTYPES = YES;
				CLANG_WARN_SUSPICIOUS_MOVE = YES;
				CLANG_WARN_UNGUARDED_AVAILABILITY = YES_AGGRESSIVE;
				CLANG_WARN_UNREACHABLE_CODE = YES;
				CLANG_WARN__DUPLICATE_METHOD_MATCH = YES;
				COPY_PHASE_STRIP = NO;
				DEBUG_INFORMATION_FORMAT = dwarf;
				ENABLE_STRICT_OBJC_MSGSEND = YES;
				ENABLE_TESTABILITY = YES;
				GCC_C_LANGUAGE_STANDARD = gnu11;
				GCC_DYNAMIC_NO_PIC = NO;
				GCC_NO_COMMON_BLOCKS = YES;
				GCC_OPTIMIZATION_LEVEL = 0;
				GCC_PREPROCESSOR_DEFINITIONS = (
					"DEBUG=1",
					"$(inherited)",
				);
				GCC_WARN_64_TO_32_BIT_CONVERSION = YES;
				GCC_WARN_ABOUT_RETURN_TYPE = YES_ERROR;
				GCC_WARN_UNDECLARED_SELECTOR = YES;
				GCC_WARN_UNINITIALIZED_AUTOS = YES_AGGRESSIVE;
				GCC_WARN_UNUSED_FUNCTION = YES;
				GCC_WARN_UNUSED_VARIABLE = YES;
				IPHONEOS_DEPLOYMENT_TARGET = 14.5;
				MTL_ENABLE_DEBUG_INFO = INCLUDE_SOURCE;
				MTL_FAST_MATH = YES;
				ONLY_ACTIVE_ARCH = YES;
				SDKROOT = iphoneos;
				SWIFT_ACTIVE_COMPILATION_CONDITIONS = DEBUG;
				SWIFT_OPTIMIZATION_LEVEL = "-Onone";
			};
			name = Debug;
		};
		68A01DF52861E08700EB7852 /* Release */ = {
			isa = XCBuildConfiguration;
			buildSettings = {
				ALWAYS_SEARCH_USER_PATHS = NO;
				CLANG_ANALYZER_NONNULL = YES;
				CLANG_ANALYZER_NUMBER_OBJECT_CONVERSION = YES_AGGRESSIVE;
				CLANG_CXX_LANGUAGE_STANDARD = "gnu++17";
				CLANG_ENABLE_MODULES = YES;
				CLANG_ENABLE_OBJC_ARC = YES;
				CLANG_ENABLE_OBJC_WEAK = YES;
				CLANG_WARN_BLOCK_CAPTURE_AUTORELEASING = YES;
				CLANG_WARN_BOOL_CONVERSION = YES;
				CLANG_WARN_COMMA = YES;
				CLANG_WARN_CONSTANT_CONVERSION = YES;
				CLANG_WARN_DEPRECATED_OBJC_IMPLEMENTATIONS = YES;
				CLANG_WARN_DIRECT_OBJC_ISA_USAGE = YES_ERROR;
				CLANG_WARN_DOCUMENTATION_COMMENTS = YES;
				CLANG_WARN_EMPTY_BODY = YES;
				CLANG_WARN_ENUM_CONVERSION = YES;
				CLANG_WARN_INFINITE_RECURSION = YES;
				CLANG_WARN_INT_CONVERSION = YES;
				CLANG_WARN_NON_LITERAL_NULL_CONVERSION = YES;
				CLANG_WARN_OBJC_IMPLICIT_RETAIN_SELF = YES;
				CLANG_WARN_OBJC_LITERAL_CONVERSION = YES;
				CLANG_WARN_OBJC_ROOT_CLASS = YES_ERROR;
				CLANG_WARN_QUOTED_INCLUDE_IN_FRAMEWORK_HEADER = YES;
				CLANG_WARN_RANGE_LOOP_ANALYSIS = YES;
				CLANG_WARN_STRICT_PROTOTYPES = YES;
				CLANG_WARN_SUSPICIOUS_MOVE = YES;
				CLANG_WARN_UNGUARDED_AVAILABILITY = YES_AGGRESSIVE;
				CLANG_WARN_UNREACHABLE_CODE = YES;
				CLANG_WARN__DUPLICATE_METHOD_MATCH = YES;
				COPY_PHASE_STRIP = NO;
				DEBUG_INFORMATION_FORMAT = "dwarf-with-dsym";
				ENABLE_NS_ASSERTIONS = NO;
				ENABLE_STRICT_OBJC_MSGSEND = YES;
				GCC_C_LANGUAGE_STANDARD = gnu11;
				GCC_NO_COMMON_BLOCKS = YES;
				GCC_WARN_64_TO_32_BIT_CONVERSION = YES;
				GCC_WARN_ABOUT_RETURN_TYPE = YES_ERROR;
				GCC_WARN_UNDECLARED_SELECTOR = YES;
				GCC_WARN_UNINITIALIZED_AUTOS = YES_AGGRESSIVE;
				GCC_WARN_UNUSED_FUNCTION = YES;
				GCC_WARN_UNUSED_VARIABLE = YES;
				IPHONEOS_DEPLOYMENT_TARGET = 14.5;
				MTL_ENABLE_DEBUG_INFO = NO;
				MTL_FAST_MATH = YES;
				SDKROOT = iphoneos;
				SWIFT_COMPILATION_MODE = wholemodule;
				SWIFT_OPTIMIZATION_LEVEL = "-O";
				VALIDATE_PRODUCT = YES;
			};
			name = Release;
		};
		68A01DF72861E08700EB7852 /* Debug */ = {
			isa = XCBuildConfiguration;
			buildSettings = {
				ASSETCATALOG_COMPILER_APPICON_NAME = AppIcon;
				ASSETCATALOG_COMPILER_GLOBAL_ACCENT_COLOR_NAME = AccentColor;
				CODE_SIGN_STYLE = Automatic;
				CURRENT_PROJECT_VERSION = 1;
				DEVELOPMENT_TEAM = X2WF6FR3RY;
				ENABLE_BITCODE = NO;
				FRAMEWORK_SEARCH_PATHS = (
					"$(inherited)",
					"$(PROJECT_DIR)",
				);
				GENERATE_INFOPLIST_FILE = YES;
				INFOPLIST_FILE = UnityPluginNative/Info.plist;
				INFOPLIST_KEY_UIApplicationSupportsIndirectInputEvents = YES;
				INFOPLIST_KEY_UILaunchStoryboardName = LaunchScreen;
				INFOPLIST_KEY_UIMainStoryboardFile = LaunchScreen;
				INFOPLIST_KEY_UISupportedInterfaceOrientations = UIInterfaceOrientationPortrait;
				INFOPLIST_KEY_UISupportedInterfaceOrientations_iPad = "UIInterfaceOrientationPortrait UIInterfaceOrientationPortraitUpsideDown UIInterfaceOrientationLandscapeLeft UIInterfaceOrientationLandscapeRight";
				INFOPLIST_KEY_UISupportedInterfaceOrientations_iPhone = "UIInterfaceOrientationPortrait UIInterfaceOrientationLandscapeLeft UIInterfaceOrientationLandscapeRight";
				LD_RUNPATH_SEARCH_PATHS = (
					"$(inherited)",
					"@executable_path/Frameworks",
				);
				MARKETING_VERSION = 1.0;
				PRODUCT_BUNDLE_IDENTIFIER = ann.beckwon.UnityPluginNative;
				PRODUCT_NAME = "$(TARGET_NAME)";
				SWIFT_EMIT_LOC_STRINGS = YES;
				SWIFT_VERSION = 5.0;
				TARGETED_DEVICE_FAMILY = 1;
				VALIDATE_WORKSPACE = YES;
			};
			name = Debug;
		};
		68A01DF82861E08700EB7852 /* Release */ = {
			isa = XCBuildConfiguration;
			buildSettings = {
				ASSETCATALOG_COMPILER_APPICON_NAME = AppIcon;
				ASSETCATALOG_COMPILER_GLOBAL_ACCENT_COLOR_NAME = AccentColor;
				CODE_SIGN_STYLE = Automatic;
				CURRENT_PROJECT_VERSION = 1;
				DEVELOPMENT_TEAM = X2WF6FR3RY;
				ENABLE_BITCODE = NO;
				FRAMEWORK_SEARCH_PATHS = (
					"$(inherited)",
					"$(PROJECT_DIR)",
				);
				GENERATE_INFOPLIST_FILE = YES;
				INFOPLIST_FILE = UnityPluginNative/Info.plist;
				INFOPLIST_KEY_UIApplicationSupportsIndirectInputEvents = YES;
				INFOPLIST_KEY_UILaunchStoryboardName = LaunchScreen;
				INFOPLIST_KEY_UIMainStoryboardFile = LaunchScreen;
				INFOPLIST_KEY_UISupportedInterfaceOrientations = UIInterfaceOrientationPortrait;
				INFOPLIST_KEY_UISupportedInterfaceOrientations_iPad = "UIInterfaceOrientationPortrait UIInterfaceOrientationPortraitUpsideDown UIInterfaceOrientationLandscapeLeft UIInterfaceOrientationLandscapeRight";
				INFOPLIST_KEY_UISupportedInterfaceOrientations_iPhone = "UIInterfaceOrientationPortrait UIInterfaceOrientationLandscapeLeft UIInterfaceOrientationLandscapeRight";
				LD_RUNPATH_SEARCH_PATHS = (
					"$(inherited)",
					"@executable_path/Frameworks",
				);
				MARKETING_VERSION = 1.0;
				PRODUCT_BUNDLE_IDENTIFIER = ann.beckwon.UnityPluginNative;
				PRODUCT_NAME = "$(TARGET_NAME)";
				SWIFT_EMIT_LOC_STRINGS = YES;
				SWIFT_VERSION = 5.0;
				TARGETED_DEVICE_FAMILY = 1;
				VALIDATE_WORKSPACE = YES;
			};
			name = Release;
		};
		68A01DFA2861E08700EB7852 /* Debug */ = {
			isa = XCBuildConfiguration;
			buildSettings = {
				ALWAYS_EMBED_SWIFT_STANDARD_LIBRARIES = YES;
				BUNDLE_LOADER = "$(TEST_HOST)";
				CODE_SIGN_STYLE = Automatic;
				CURRENT_PROJECT_VERSION = 1;
				DEVELOPMENT_TEAM = X2WF6FR3RY;
				GENERATE_INFOPLIST_FILE = YES;
				IPHONEOS_DEPLOYMENT_TARGET = 15.4;
				MARKETING_VERSION = 1.0;
				PRODUCT_BUNDLE_IDENTIFIER = ann.beckwon.UnityPluginNativeTests;
				PRODUCT_NAME = "$(TARGET_NAME)";
				SWIFT_EMIT_LOC_STRINGS = NO;
				SWIFT_VERSION = 5.0;
				TARGETED_DEVICE_FAMILY = "1,2";
				TEST_HOST = "$(BUILT_PRODUCTS_DIR)/UnityPluginNative.app/UnityPluginNative";
			};
			name = Debug;
		};
		68A01DFB2861E08700EB7852 /* Release */ = {
			isa = XCBuildConfiguration;
			buildSettings = {
				ALWAYS_EMBED_SWIFT_STANDARD_LIBRARIES = YES;
				BUNDLE_LOADER = "$(TEST_HOST)";
				CODE_SIGN_STYLE = Automatic;
				CURRENT_PROJECT_VERSION = 1;
				DEVELOPMENT_TEAM = X2WF6FR3RY;
				GENERATE_INFOPLIST_FILE = YES;
				IPHONEOS_DEPLOYMENT_TARGET = 15.4;
				MARKETING_VERSION = 1.0;
				PRODUCT_BUNDLE_IDENTIFIER = ann.beckwon.UnityPluginNativeTests;
				PRODUCT_NAME = "$(TARGET_NAME)";
				SWIFT_EMIT_LOC_STRINGS = NO;
				SWIFT_VERSION = 5.0;
				TARGETED_DEVICE_FAMILY = "1,2";
				TEST_HOST = "$(BUILT_PRODUCTS_DIR)/UnityPluginNative.app/UnityPluginNative";
			};
			name = Release;
		};
		68A01DFD2861E08700EB7852 /* Debug */ = {
			isa = XCBuildConfiguration;
			buildSettings = {
				ALWAYS_EMBED_SWIFT_STANDARD_LIBRARIES = YES;
				CODE_SIGN_STYLE = Automatic;
				CURRENT_PROJECT_VERSION = 1;
				DEVELOPMENT_TEAM = X2WF6FR3RY;
				GENERATE_INFOPLIST_FILE = YES;
				MARKETING_VERSION = 1.0;
				PRODUCT_BUNDLE_IDENTIFIER = ann.beckwon.UnityPluginNativeUITests;
				PRODUCT_NAME = "$(TARGET_NAME)";
				SWIFT_EMIT_LOC_STRINGS = NO;
				SWIFT_VERSION = 5.0;
				TARGETED_DEVICE_FAMILY = "1,2";
				TEST_TARGET_NAME = UnityPluginNative;
			};
			name = Debug;
		};
		68A01DFE2861E08700EB7852 /* Release */ = {
			isa = XCBuildConfiguration;
			buildSettings = {
				ALWAYS_EMBED_SWIFT_STANDARD_LIBRARIES = YES;
				CODE_SIGN_STYLE = Automatic;
				CURRENT_PROJECT_VERSION = 1;
				DEVELOPMENT_TEAM = X2WF6FR3RY;
				GENERATE_INFOPLIST_FILE = YES;
				MARKETING_VERSION = 1.0;
				PRODUCT_BUNDLE_IDENTIFIER = ann.beckwon.UnityPluginNativeUITests;
				PRODUCT_NAME = "$(TARGET_NAME)";
				SWIFT_EMIT_LOC_STRINGS = NO;
				SWIFT_VERSION = 5.0;
				TARGETED_DEVICE_FAMILY = "1,2";
				TEST_TARGET_NAME = UnityPluginNative;
			};
			name = Release;
		};
/* End XCBuildConfiguration section */

/* Begin XCConfigurationList section */
		68A01DC72861E08700EB7852 /* Build configuration list for PBXProject "UnityPluginNative" */ = {
			isa = XCConfigurationList;
			buildConfigurations = (
				68A01DF42861E08700EB7852 /* Debug */,
				68A01DF52861E08700EB7852 /* Release */,
			);
			defaultConfigurationIsVisible = 0;
			defaultConfigurationName = Release;
		};
		68A01DF62861E08700EB7852 /* Build configuration list for PBXNativeTarget "UnityPluginNative" */ = {
			isa = XCConfigurationList;
			buildConfigurations = (
				68A01DF72861E08700EB7852 /* Debug */,
				68A01DF82861E08700EB7852 /* Release */,
			);
			defaultConfigurationIsVisible = 0;
			defaultConfigurationName = Release;
		};
		68A01DF92861E08700EB7852 /* Build configuration list for PBXNativeTarget "UnityPluginNativeTests" */ = {
			isa = XCConfigurationList;
			buildConfigurations = (
				68A01DFA2861E08700EB7852 /* Debug */,
				68A01DFB2861E08700EB7852 /* Release */,
			);
			defaultConfigurationIsVisible = 0;
			defaultConfigurationName = Release;
		};
		68A01DFC2861E08700EB7852 /* Build configuration list for PBXNativeTarget "UnityPluginNativeUITests" */ = {
			isa = XCConfigurationList;
			buildConfigurations = (
				68A01DFD2861E08700EB7852 /* Debug */,
				68A01DFE2861E08700EB7852 /* Release */,
			);
			defaultConfigurationIsVisible = 0;
			defaultConfigurationName = Release;
		};
/* End XCConfigurationList section */
	};
	rootObject = 68A01DC42861E08700EB7852 /* Project object */;
}
